<?xml version="1.0" encoding="utf-8"?>
<Project xmlns="http://schemas.microsoft.com/developer/msbuild/2003">
  <ItemGroup>
    <Filter Include="Form Files">
      <UniqueIdentifier>{99349809-55BA-4b9d-BF79-8FDBB0286EB3}</UniqueIdentifier>
      <Extensions>ui</Extensions>
      <ParseFiles>false</ParseFiles>
    </Filter>
    <Filter Include="Form Files">
      <UniqueIdentifier>{99349809-55BA-4b9d-BF79-8FDBB0286EB3}</UniqueIdentifier>
      <Extensions>ui</Extensions>
      <ParseFiles>false</ParseFiles>
    </Filter>
    <Filter Include="Generated Files">
      <UniqueIdentifier>{71ED8ED8-ACB9-4CE9-BBE1-E00B30144E11}</UniqueIdentifier>
      <Extensions>cpp;c;cxx;moc;h;def;odl;idl;res;</Extensions>
    </Filter>
    <Filter Include="Generated Files">
      <UniqueIdentifier>{71ED8ED8-ACB9-4CE9-BBE1-E00B30144E11}</UniqueIdentifier>
      <Extensions>cpp;c;cxx;moc;h;def;odl;idl;res;</Extensions>
    </Filter>
    <Filter Include="Header Files">
      <UniqueIdentifier>{93995380-89BD-4b04-88EB-625FBE52EBFB}</UniqueIdentifier>
      <Extensions>h;hpp;hxx;hm;inl;inc;xsd</Extensions>
    </Filter>
    <Filter Include="Header Files">
      <UniqueIdentifier>{93995380-89BD-4b04-88EB-625FBE52EBFB}</UniqueIdentifier>
      <Extensions>h;hpp;hxx;hm;inl;inc;xsd</Extensions>
    </Filter>
    <Filter Include="Resource Files">
      <UniqueIdentifier>{D9D6E242-F8AF-46E4-B9FD-80ECBC20BA3E}</UniqueIdentifier>
      <Extensions>qrc;*</Extensions>
      <ParseFiles>false</ParseFiles>
    </Filter>
    <Filter Include="Resource Files">
      <UniqueIdentifier>{D9D6E242-F8AF-46E4-B9FD-80ECBC20BA3E}</UniqueIdentifier>
      <Extensions>qrc;*</Extensions>
      <ParseFiles>false</ParseFiles>
    </Filter>
    <Filter Include="Source Files">
      <UniqueIdentifier>{4FC737F1-C7A5-4376-A066-2A32D752A2FF}</UniqueIdentifier>
      <Extensions>cpp;c;cxx;def;odl;idl;hpj;bat;asm;asmx</Extensions>
    </Filter>
    <Filter Include="Source Files">
      <UniqueIdentifier>{4FC737F1-C7A5-4376-A066-2A32D752A2FF}</UniqueIdentifier>
      <Extensions>cpp;c;cxx;def;odl;idl;hpj;bat;asm;asmx</Extensions>
    </Filter>
    <Filter Include="Translation Files">
      <UniqueIdentifier>{639EADAA-A684-42e4-A9AD-28FC9BCB8F7C}</UniqueIdentifier>
      <Extensions>ts;xlf</Extensions>
      <ParseFiles>false</ParseFiles>
    </Filter>
    <Filter Include="Translation Files">
      <UniqueIdentifier>{639EADAA-A684-42e4-A9AD-28FC9BCB8F7C}</UniqueIdentifier>
      <Extensions>ts;xlf</Extensions>
      <ParseFiles>false</ParseFiles>
    </Filter>
  </ItemGroup>
  <ItemGroup>
    <ClCompile Include="centercontrolthread.cpp">
      <Filter>Source Files</Filter>
    </ClCompile>
    <ClCompile Include="comtextaudiothread.cpp">
      <Filter>Source Files</Filter>
    </ClCompile>
    <ClCompile Include="controlwidget.cpp">
      <Filter>Source Files</Filter>
    </ClCompile>
    <ClCompile Include="controlwindow.cpp">
      <Filter>Source Files</Filter>
    </ClCompile>
    <ClCompile Include="dbservices.cpp">
      <Filter>Source Files</Filter>
    </ClCompile>
    <ClCompile Include="extension.cpp">
      <Filter>Source Files</Filter>
    </ClCompile>
    <ClCompile Include="groupcontrolwidget.cpp">
      <Filter>Source Files</Filter>
    </ClCompile>
    <ClCompile Include="inifile.cpp">
      <Filter>Source Files</Filter>
    </ClCompile>
    <ClCompile Include="javasubinfothread.cpp">
      <Filter>Source Files</Filter>
    </ClCompile>
    <ClCompile Include="logindialog.cpp">
      <Filter>Source Files</Filter>
    </ClCompile>
    <ClCompile Include="main.cpp">
      <Filter>Source Files</Filter>
    </ClCompile>
    <ClCompile Include="networker.cpp">
      <Filter>Source Files</Filter>
    </ClCompile>
    <ClCompile Include="quploadfilethread.cpp">
      <Filter>Source Files</Filter>
    </ClCompile>
    <ClCompile Include="relaycontroller.cpp">
      <Filter>Source Files</Filter>
    </ClCompile>
    <ClCompile Include="tcpserver.cpp">
      <Filter>Source Files</Filter>
    </ClCompile>
    <ClCompile Include="tcpsocket.cpp">
      <Filter>Source Files</Filter>
    </ClCompile>
    <ClCompile Include="vhfdbdatabase.cpp">
      <Filter>Source Files</Filter>
    </ClCompile>
    <ClCompile Include="volume.cpp">
      <Filter>Source Files</Filter>
    </ClCompile>
    <ClCompile Include="yeastarnetwork.cpp">
      <Filter>Source Files</Filter>
    </ClCompile>
    <ClCompile Include="zchxbroadcasttaskmgr.cpp">
      <Filter>Source Files</Filter>
    </ClCompile>
    <ClCompile Include="zchxdataasyncworker.cpp">
      <Filter>Source Files</Filter>
    </ClCompile>
    <ClCompile Include="zchxvhfconvertthread.cpp">
      <Filter>Source Files</Filter>
    </ClCompile>
  </ItemGroup>
  <ItemGroup>
    <QtMoc Include="centercontrolthread.h">
      <Filter>Header Files</Filter>
    </QtMoc>
    <QtMoc Include="comtextaudiothread.h">
      <Filter>Header Files</Filter>
    </QtMoc>
    <QtMoc Include="controlwidget.h">
      <Filter>Header Files</Filter>
    </QtMoc>
    <QtMoc Include="controlwindow.h">
      <Filter>Header Files</Filter>
    </QtMoc>
    <QtMoc Include="dbservices.h">
      <Filter>Header Files</Filter>
    </QtMoc>
    <QtMoc Include="extension.h">
      <Filter>Header Files</Filter>
    </QtMoc>
    <QtMoc Include="groupcontrolwidget.h">
      <Filter>Header Files</Filter>
    </QtMoc>
    <ClInclude Include="inifile.h">
      <Filter>Header Files</Filter>
    </ClInclude>
    <QtMoc Include="javasubinfothread.h">
      <Filter>Header Files</Filter>
    </QtMoc>
    <QtMoc Include="logindialog.h">
      <Filter>Header Files</Filter>
    </QtMoc>
    <QtMoc Include="networker.h">
      <Filter>Header Files</Filter>
    </QtMoc>
    <QtMoc Include="quploadfilethread.h">
      <Filter>Header Files</Filter>
    </QtMoc>
    <QtMoc Include="relaycontroller.h">
      <Filter>Header Files</Filter>
    </QtMoc>
    <QtMoc Include="tcpserver.h">
      <Filter>Header Files</Filter>
    </QtMoc>
    <QtMoc Include="tcpsocket.h">
      <Filter>Header Files</Filter>
    </QtMoc>
    <ClInclude Include="vhfdatadefines.h">
      <Filter>Header Files</Filter>
    </ClInclude>
    <QtMoc Include="vhfdbdatabase.h">
      <Filter>Header Files</Filter>
    </QtMoc>
    <QtMoc Include="volume.h">
      <Filter>Header Files</Filter>
    </QtMoc>
    <QtMoc Include="yeastarnetwork.h">
      <Filter>Header Files</Filter>
    </QtMoc>
    <QtMoc Include="zchxbroadcasttaskmgr.h">
      <Filter>Header Files</Filter>
    </QtMoc>
    <QtMoc Include="zchxdataasyncworker.h">
      <Filter>Header Files</Filter>
    </QtMoc>
    <QtMoc Include="zchxvhfconvertthread.h">
      <Filter>Header Files</Filter>
    </QtMoc>
  </ItemGroup>
  <ItemGroup>
    <CustomBuild Include="debug\moc_predefs.h.cbt">
      <Filter>Generated Files</Filter>
    </CustomBuild>
    <CustomBuild Include="release\moc_predefs.h.cbt">
      <Filter>Generated Files</Filter>
    </CustomBuild>
  </ItemGroup>
  <ItemGroup>
    <None Include=".\Resource\zh_cn.ts">
      <Filter>Translation Files</Filter>
    </None>
  </ItemGroup>
  <ItemGroup>
    <QtUic Include="controlwidget.ui">
      <Filter>Form Files</Filter>
    </QtUic>
    <QtUic Include="controlwindow.ui">
      <Filter>Form Files</Filter>
    </QtUic>
    <QtUic Include="logindialog.ui">
      <Filter>Form Files</Filter>
    </QtUic>
    <QtUic Include="volume.ui">
      <Filter>Form Files</Filter>
    </QtUic>
  </ItemGroup>
  <ItemGroup>
    <None Include="Resource\edit.png">
      <Filter>Resource Files</Filter>
    </None>
    <None Include="Resource\microphone.png">
      <Filter>Resource Files</Filter>
    </None>
    <None Include="Resource\phone.png">
      <Filter>Resource Files</Filter>
    </None>
    <None Include="Resource\phoneBlack.png">
      <Filter>Resource Files</Filter>
    </None>
    <None Include="Resource\phoneBlue.png">
      <Filter>Resource Files</Filter>
    </None>
    <None Include="Resource\phoneFlat.png">
      <Filter>Resource Files</Filter>
    </None>
    <None Include="Resource\phoneWhite.png">
      <Filter>Resource Files</Filter>
    </None>
    <QtRcc Include="resource.qrc">
      <Filter>Resource Files</Filter>
    </QtRcc>
    <None Include="Resource\volume.png">
      <Filter>Resource Files</Filter>
    </None>
    <None Include="Resource\zchx.jpg">
      <Filter>Resource Files</Filter>
    </None>
  </ItemGroup>
</Project>